// !$*UTF8*$!
{
	archiveVersion = 1;
	classes = {
	};
	objectVersion = 56;
	objects = {

/* Begin PBXBuildFile section */
		CC51213829F92281000333D0 /* AppDelegate.swift in Sources */ = {isa = PBXBuildFile; fileRef = CC51213729F92281000333D0 /* AppDelegate.swift */; };
		CC51213A29F92281000333D0 /* SceneDelegate.swift in Sources */ = {isa = PBXBuildFile; fileRef = CC51213929F92281000333D0 /* SceneDelegate.swift */; };
		CC51214129F92282000333D0 /* Assets.xcassets in Resources */ = {isa = PBXBuildFile; fileRef = CC51214029F92282000333D0 /* Assets.xcassets */; };
		CC51214429F92282000333D0 /* LaunchScreen.storyboard in Resources */ = {isa = PBXBuildFile; fileRef = CC51214229F92282000333D0 /* LaunchScreen.storyboard */; };
		CC51214F29F92282000333D0 /* TraderTests.swift in Sources */ = {isa = PBXBuildFile; fileRef = CC51214E29F92282000333D0 /* TraderTests.swift */; };
		CC51215929F92282000333D0 /* TraderUITests.swift in Sources */ = {isa = PBXBuildFile; fileRef = CC51215829F92282000333D0 /* TraderUITests.swift */; };
		CC51215B29F92282000333D0 /* TraderUITestsLaunchTests.swift in Sources */ = {isa = PBXBuildFile; fileRef = CC51215A29F92282000333D0 /* TraderUITestsLaunchTests.swift */; };
		CC51216C29F92434000333D0 /* NetworkService.swift in Sources */ = {isa = PBXBuildFile; fileRef = CC51216B29F92434000333D0 /* NetworkService.swift */; };
		CC51216E29F92441000333D0 /* UIControl+Combine.swift in Sources */ = {isa = PBXBuildFile; fileRef = CC51216D29F92441000333D0 /* UIControl+Combine.swift */; };
		CC51217029F924D1000333D0 /* MainViewController.swift in Sources */ = {isa = PBXBuildFile; fileRef = CC51216F29F924D1000333D0 /* MainViewController.swift */; };
		CC51217229F924DB000333D0 /* MainViewModel.swift in Sources */ = {isa = PBXBuildFile; fileRef = CC51217129F924DB000333D0 /* MainViewModel.swift */; };
		CC51217429F924EA000333D0 /* DetailViewModel.swift in Sources */ = {isa = PBXBuildFile; fileRef = CC51217329F924EA000333D0 /* DetailViewModel.swift */; };
		CC51217629F924F7000333D0 /* DetailViewController.swift in Sources */ = {isa = PBXBuildFile; fileRef = CC51217529F924F7000333D0 /* DetailViewController.swift */; };
		CC51217929F9258F000333D0 /* DefaultCoordinator.swift in Sources */ = {isa = PBXBuildFile; fileRef = CC51217829F9258F000333D0 /* DefaultCoordinator.swift */; };
		CC51217D29F934C1000333D0 /* Company.swift in Sources */ = {isa = PBXBuildFile; fileRef = CC51217C29F934C1000333D0 /* Company.swift */; };
		CC51217F29F96003000333D0 /* Symbol.swift in Sources */ = {isa = PBXBuildFile; fileRef = CC51217E29F96003000333D0 /* Symbol.swift */; };
		CC51218129F96261000333D0 /* Trade.swift in Sources */ = {isa = PBXBuildFile; fileRef = CC51218029F96261000333D0 /* Trade.swift */; };
		CC51218329FAC9DE000333D0 /* MainTableViewCell.swift in Sources */ = {isa = PBXBuildFile; fileRef = CC51218229FAC9DE000333D0 /* MainTableViewCell.swift */; };
		CC51218529FAF349000333D0 /* Services.swift in Sources */ = {isa = PBXBuildFile; fileRef = CC51218429FAF349000333D0 /* Services.swift */; };
		CC51218729FAF459000333D0 /* PersistencyService.swift in Sources */ = {isa = PBXBuildFile; fileRef = CC51218629FAF459000333D0 /* PersistencyService.swift */; };
		CC51218929FAF49E000333D0 /* ReachabilityService.swift in Sources */ = {isa = PBXBuildFile; fileRef = CC51218829FAF49E000333D0 /* ReachabilityService.swift */; };
		CC51218B29FB02BB000333D0 /* UIImageView+loadURL.swift in Sources */ = {isa = PBXBuildFile; fileRef = CC51218A29FB02BB000333D0 /* UIImageView+loadURL.swift */; };
/* End PBXBuildFile section */

/* Begin PBXContainerItemProxy section */
		CC51214B29F92282000333D0 /* PBXContainerItemProxy */ = {
			isa = PBXContainerItemProxy;
			containerPortal = CC51212C29F92281000333D0 /* Project object */;
			proxyType = 1;
			remoteGlobalIDString = CC51213329F92281000333D0;
			remoteInfo = Trader;
		};
		CC51215529F92282000333D0 /* PBXContainerItemProxy */ = {
			isa = PBXContainerItemProxy;
			containerPortal = CC51212C29F92281000333D0 /* Project object */;
			proxyType = 1;
			remoteGlobalIDString = CC51213329F92281000333D0;
			remoteInfo = Trader;
		};
/* End PBXContainerItemProxy section */

/* Begin PBXFileReference section */
		CC51213429F92281000333D0 /* Trader.app */ = {isa = PBXFileReference; explicitFileType = wrapper.application; includeInIndex = 0; path = Trader.app; sourceTree = BUILT_PRODUCTS_DIR; };
		CC51213729F92281000333D0 /* AppDelegate.swift */ = {isa = PBXFileReference; lastKnownFileType = sourcecode.swift; path = AppDelegate.swift; sourceTree = "<group>"; };
		CC51213929F92281000333D0 /* SceneDelegate.swift */ = {isa = PBXFileReference; lastKnownFileType = sourcecode.swift; path = SceneDelegate.swift; sourceTree = "<group>"; };
		CC51214029F92282000333D0 /* Assets.xcassets */ = {isa = PBXFileReference; lastKnownFileType = folder.assetcatalog; path = Assets.xcassets; sourceTree = "<group>"; };
		CC51214329F92282000333D0 /* Base */ = {isa = PBXFileReference; lastKnownFileType = file.storyboard; name = Base; path = Base.lproj/LaunchScreen.storyboard; sourceTree = "<group>"; };
		CC51214529F92282000333D0 /* Info.plist */ = {isa = PBXFileReference; lastKnownFileType = text.plist.xml; path = Info.plist; sourceTree = "<group>"; };
		CC51214A29F92282000333D0 /* TraderTests.xctest */ = {isa = PBXFileReference; explicitFileType = wrapper.cfbundle; includeInIndex = 0; path = TraderTests.xctest; sourceTree = BUILT_PRODUCTS_DIR; };
		CC51214E29F92282000333D0 /* TraderTests.swift */ = {isa = PBXFileReference; lastKnownFileType = sourcecode.swift; path = TraderTests.swift; sourceTree = "<group>"; };
		CC51215429F92282000333D0 /* TraderUITests.xctest */ = {isa = PBXFileReference; explicitFileType = wrapper.cfbundle; includeInIndex = 0; path = TraderUITests.xctest; sourceTree = BUILT_PRODUCTS_DIR; };
		CC51215829F92282000333D0 /* TraderUITests.swift */ = {isa = PBXFileReference; lastKnownFileType = sourcecode.swift; path = TraderUITests.swift; sourceTree = "<group>"; };
		CC51215A29F92282000333D0 /* TraderUITestsLaunchTests.swift */ = {isa = PBXFileReference; lastKnownFileType = sourcecode.swift; path = TraderUITestsLaunchTests.swift; sourceTree = "<group>"; };
		CC51216B29F92434000333D0 /* NetworkService.swift */ = {isa = PBXFileReference; lastKnownFileType = sourcecode.swift; path = NetworkService.swift; sourceTree = "<group>"; };
		CC51216D29F92441000333D0 /* UIControl+Combine.swift */ = {isa = PBXFileReference; lastKnownFileType = sourcecode.swift; path = "UIControl+Combine.swift"; sourceTree = "<group>"; };
		CC51216F29F924D1000333D0 /* MainViewController.swift */ = {isa = PBXFileReference; lastKnownFileType = sourcecode.swift; path = MainViewController.swift; sourceTree = "<group>"; };
		CC51217129F924DB000333D0 /* MainViewModel.swift */ = {isa = PBXFileReference; lastKnownFileType = sourcecode.swift; path = MainViewModel.swift; sourceTree = "<group>"; };
		CC51217329F924EA000333D0 /* DetailViewModel.swift */ = {isa = PBXFileReference; lastKnownFileType = sourcecode.swift; path = DetailViewModel.swift; sourceTree = "<group>"; };
		CC51217529F924F7000333D0 /* DetailViewController.swift */ = {isa = PBXFileReference; lastKnownFileType = sourcecode.swift; path = DetailViewController.swift; sourceTree = "<group>"; };
		CC51217829F9258F000333D0 /* DefaultCoordinator.swift */ = {isa = PBXFileReference; lastKnownFileType = sourcecode.swift; path = DefaultCoordinator.swift; sourceTree = "<group>"; };
		CC51217A29F92D2D000333D0 /* README.md */ = {isa = PBXFileReference; lastKnownFileType = net.daringfireball.markdown; path = README.md; sourceTree = "<group>"; };
		CC51217C29F934C1000333D0 /* Company.swift */ = {isa = PBXFileReference; lastKnownFileType = sourcecode.swift; path = Company.swift; sourceTree = "<group>"; };
		CC51217E29F96003000333D0 /* Symbol.swift */ = {isa = PBXFileReference; lastKnownFileType = sourcecode.swift; path = Symbol.swift; sourceTree = "<group>"; };
		CC51218029F96261000333D0 /* Trade.swift */ = {isa = PBXFileReference; lastKnownFileType = sourcecode.swift; path = Trade.swift; sourceTree = "<group>"; };
		CC51218229FAC9DE000333D0 /* MainTableViewCell.swift */ = {isa = PBXFileReference; lastKnownFileType = sourcecode.swift; path = MainTableViewCell.swift; sourceTree = "<group>"; };
		CC51218429FAF349000333D0 /* Services.swift */ = {isa = PBXFileReference; lastKnownFileType = sourcecode.swift; path = Services.swift; sourceTree = "<group>"; };
		CC51218629FAF459000333D0 /* PersistencyService.swift */ = {isa = PBXFileReference; lastKnownFileType = sourcecode.swift; path = PersistencyService.swift; sourceTree = "<group>"; };
		CC51218829FAF49E000333D0 /* ReachabilityService.swift */ = {isa = PBXFileReference; lastKnownFileType = sourcecode.swift; path = ReachabilityService.swift; sourceTree = "<group>"; };
		CC51218A29FB02BB000333D0 /* UIImageView+loadURL.swift */ = {isa = PBXFileReference; lastKnownFileType = sourcecode.swift; path = "UIImageView+loadURL.swift"; sourceTree = "<group>"; };
/* End PBXFileReference section */

/* Begin PBXFrameworksBuildPhase section */
		CC51213129F92281000333D0 /* Frameworks */ = {
			isa = PBXFrameworksBuildPhase;
			buildActionMask = 2147483647;
			files = (
			);
			runOnlyForDeploymentPostprocessing = 0;
		};
		CC51214729F92282000333D0 /* Frameworks */ = {
			isa = PBXFrameworksBuildPhase;
			buildActionMask = 2147483647;
			files = (
			);
			runOnlyForDeploymentPostprocessing = 0;
		};
		CC51215129F92282000333D0 /* Frameworks */ = {
			isa = PBXFrameworksBuildPhase;
			buildActionMask = 2147483647;
			files = (
			);
			runOnlyForDeploymentPostprocessing = 0;
		};
/* End PBXFrameworksBuildPhase section */

/* Begin PBXGroup section */
		CC51212B29F92281000333D0 = {
			isa = PBXGroup;
			children = (
				CC51213629F92281000333D0 /* Trader */,
				CC51214D29F92282000333D0 /* TraderTests */,
				CC51215729F92282000333D0 /* TraderUITests */,
				CC51213529F92281000333D0 /* Products */,
			);
			sourceTree = "<group>";
		};
		CC51213529F92281000333D0 /* Products */ = {
			isa = PBXGroup;
			children = (
				CC51213429F92281000333D0 /* Trader.app */,
				CC51214A29F92282000333D0 /* TraderTests.xctest */,
				CC51215429F92282000333D0 /* TraderUITests.xctest */,
			);
			name = Products;
			sourceTree = "<group>";
		};
		CC51213629F92281000333D0 /* Trader */ = {
			isa = PBXGroup;
			children = (
				CC51217B29F9349A000333D0 /* Models */,
				CC51217729F92585000333D0 /* Coordinator */,
				CC51216A29F9241A000333D0 /* Services */,
				CC51216929F9240C000333D0 /* Extensions */,
				CC51216829F92405000333D0 /* Views */,
				CC51216729F923FD000333D0 /* ViewModels */,
				CC51213729F92281000333D0 /* AppDelegate.swift */,
				CC51213929F92281000333D0 /* SceneDelegate.swift */,
				CC51214029F92282000333D0 /* Assets.xcassets */,
				CC51214229F92282000333D0 /* LaunchScreen.storyboard */,
				CC51214529F92282000333D0 /* Info.plist */,
			);
			path = Trader;
			sourceTree = "<group>";
		};
		CC51214D29F92282000333D0 /* TraderTests */ = {
			isa = PBXGroup;
			children = (
				CC51214E29F92282000333D0 /* TraderTests.swift */,
			);
			path = TraderTests;
			sourceTree = "<group>";
		};
		CC51215729F92282000333D0 /* TraderUITests */ = {
			isa = PBXGroup;
			children = (
				CC51215829F92282000333D0 /* TraderUITests.swift */,
				CC51215A29F92282000333D0 /* TraderUITestsLaunchTests.swift */,
			);
			path = TraderUITests;
			sourceTree = "<group>";
		};
		CC51216729F923FD000333D0 /* ViewModels */ = {
			isa = PBXGroup;
			children = (
				CC51217129F924DB000333D0 /* MainViewModel.swift */,
				CC51217329F924EA000333D0 /* DetailViewModel.swift */,
			);
			path = ViewModels;
			sourceTree = "<group>";
		};
		CC51216829F92405000333D0 /* Views */ = {
			isa = PBXGroup;
			children = (
				CC51216F29F924D1000333D0 /* MainViewController.swift */,
				CC51217529F924F7000333D0 /* DetailViewController.swift */,
				CC51218229FAC9DE000333D0 /* MainTableViewCell.swift */,
			);
			path = Views;
			sourceTree = "<group>";
		};
		CC51216929F9240C000333D0 /* Extensions */ = {
			isa = PBXGroup;
			children = (
				CC51216D29F92441000333D0 /* UIControl+Combine.swift */,
				CC51218A29FB02BB000333D0 /* UIImageView+loadURL.swift */,
			);
			path = Extensions;
			sourceTree = "<group>";
		};
		CC51216A29F9241A000333D0 /* Services */ = {
			isa = PBXGroup;
			children = (
				CC51216B29F92434000333D0 /* NetworkService.swift */,
				CC51217A29F92D2D000333D0 /* README.md */,
				CC51218429FAF349000333D0 /* Services.swift */,
				CC51218629FAF459000333D0 /* PersistencyService.swift */,
				CC51218829FAF49E000333D0 /* ReachabilityService.swift */,
			);
			path = Services;
			sourceTree = "<group>";
		};
		CC51217729F92585000333D0 /* Coordinator */ = {
			isa = PBXGroup;
			children = (
				CC51217829F9258F000333D0 /* DefaultCoordinator.swift */,
			);
			path = Coordinator;
			sourceTree = "<group>";
		};
		CC51217B29F9349A000333D0 /* Models */ = {
			isa = PBXGroup;
			children = (
				CC51217C29F934C1000333D0 /* Company.swift */,
				CC51217E29F96003000333D0 /* Symbol.swift */,
				CC51218029F96261000333D0 /* Trade.swift */,
			);
			path = Models;
			sourceTree = "<group>";
		};
/* End PBXGroup section */

/* Begin PBXNativeTarget section */
		CC51213329F92281000333D0 /* Trader */ = {
			isa = PBXNativeTarget;
			buildConfigurationList = CC51215E29F92282000333D0 /* Build configuration list for PBXNativeTarget "Trader" */;
			buildPhases = (
				CC51213029F92281000333D0 /* Sources */,
				CC51213129F92281000333D0 /* Frameworks */,
				CC51213229F92281000333D0 /* Resources */,
			);
			buildRules = (
			);
			dependencies = (
			);
			name = Trader;
			productName = Trader;
			productReference = CC51213429F92281000333D0 /* Trader.app */;
			productType = "com.apple.product-type.application";
		};
		CC51214929F92282000333D0 /* TraderTests */ = {
			isa = PBXNativeTarget;
			buildConfigurationList = CC51216129F92282000333D0 /* Build configuration list for PBXNativeTarget "TraderTests" */;
			buildPhases = (
				CC51214629F92282000333D0 /* Sources */,
				CC51214729F92282000333D0 /* Frameworks */,
				CC51214829F92282000333D0 /* Resources */,
			);
			buildRules = (
			);
			dependencies = (
				CC51214C29F92282000333D0 /* PBXTargetDependency */,
			);
			name = TraderTests;
			productName = TraderTests;
			productReference = CC51214A29F92282000333D0 /* TraderTests.xctest */;
			productType = "com.apple.product-type.bundle.unit-test";
		};
		CC51215329F92282000333D0 /* TraderUITests */ = {
			isa = PBXNativeTarget;
			buildConfigurationList = CC51216429F92282000333D0 /* Build configuration list for PBXNativeTarget "TraderUITests" */;
			buildPhases = (
				CC51215029F92282000333D0 /* Sources */,
				CC51215129F92282000333D0 /* Frameworks */,
				CC51215229F92282000333D0 /* Resources */,
			);
			buildRules = (
			);
			dependencies = (
				CC51215629F92282000333D0 /* PBXTargetDependency */,
			);
			name = TraderUITests;
			productName = TraderUITests;
			productReference = CC51215429F92282000333D0 /* TraderUITests.xctest */;
			productType = "com.apple.product-type.bundle.ui-testing";
		};
/* End PBXNativeTarget section */

/* Begin PBXProject section */
		CC51212C29F92281000333D0 /* Project object */ = {
			isa = PBXProject;
			attributes = {
				BuildIndependentTargetsInParallel = 1;
				LastSwiftUpdateCheck = 1420;
				LastUpgradeCheck = 1420;
				TargetAttributes = {
					CC51213329F92281000333D0 = {
						CreatedOnToolsVersion = 14.2;
					};
					CC51214929F92282000333D0 = {
						CreatedOnToolsVersion = 14.2;
						TestTargetID = CC51213329F92281000333D0;
					};
					CC51215329F92282000333D0 = {
						CreatedOnToolsVersion = 14.2;
						TestTargetID = CC51213329F92281000333D0;
					};
				};
			};
			buildConfigurationList = CC51212F29F92281000333D0 /* Build configuration list for PBXProject "Trader" */;
			compatibilityVersion = "Xcode 14.0";
			developmentRegion = en;
			hasScannedForEncodings = 0;
			knownRegions = (
				en,
				Base,
			);
			mainGroup = CC51212B29F92281000333D0;
			productRefGroup = CC51213529F92281000333D0 /* Products */;
			projectDirPath = "";
			projectRoot = "";
			targets = (
				CC51213329F92281000333D0 /* Trader */,
				CC51214929F92282000333D0 /* TraderTests */,
				CC51215329F92282000333D0 /* TraderUITests */,
			);
		};
/* End PBXProject section */

/* Begin PBXResourcesBuildPhase section */
		CC51213229F92281000333D0 /* Resources */ = {
			isa = PBXResourcesBuildPhase;
			buildActionMask = 2147483647;
			files = (
				CC51214429F92282000333D0 /* LaunchScreen.storyboard in Resources */,
				CC51214129F92282000333D0 /* Assets.xcassets in Resources */,
			);
			runOnlyForDeploymentPostprocessing = 0;
		};
		CC51214829F92282000333D0 /* Resources */ = {
			isa = PBXResourcesBuildPhase;
			buildActionMask = 2147483647;
			files = (
			);
			runOnlyForDeploymentPostprocessing = 0;
		};
		CC51215229F92282000333D0 /* Resources */ = {
			isa = PBXResourcesBuildPhase;
			buildActionMask = 2147483647;
			files = (
			);
			runOnlyForDeploymentPostprocessing = 0;
		};
/* End PBXResourcesBuildPhase section */

/* Begin PBXSourcesBuildPhase section */
		CC51213029F92281000333D0 /* Sources */ = {
			isa = PBXSourcesBuildPhase;
			buildActionMask = 2147483647;
			files = (
				CC51218329FAC9DE000333D0 /* MainTableViewCell.swift in Sources */,
				CC51217629F924F7000333D0 /* DetailViewController.swift in Sources */,
				CC51217229F924DB000333D0 /* MainViewModel.swift in Sources */,
				CC51218529FAF349000333D0 /* Services.swift in Sources */,
				CC51217929F9258F000333D0 /* DefaultCoordinator.swift in Sources */,
				CC51213829F92281000333D0 /* AppDelegate.swift in Sources */,
				CC51218929FAF49E000333D0 /* ReachabilityService.swift in Sources */,
				CC51217F29F96003000333D0 /* Symbol.swift in Sources */,
				CC51216C29F92434000333D0 /* NetworkService.swift in Sources */,
				CC51217029F924D1000333D0 /* MainViewController.swift in Sources */,
				CC51217D29F934C1000333D0 /* Company.swift in Sources */,
				CC51216E29F92441000333D0 /* UIControl+Combine.swift in Sources */,
				CC51218129F96261000333D0 /* Trade.swift in Sources */,
				CC51213A29F92281000333D0 /* SceneDelegate.swift in Sources */,
				CC51217429F924EA000333D0 /* DetailViewModel.swift in Sources */,
				CC51218B29FB02BB000333D0 /* UIImageView+loadURL.swift in Sources */,
				CC51218729FAF459000333D0 /* PersistencyService.swift in Sources */,
			);
			runOnlyForDeploymentPostprocessing = 0;
		};
		CC51214629F92282000333D0 /* Sources */ = {
			isa = PBXSourcesBuildPhase;
			buildActionMask = 2147483647;
			files = (
				CC51214F29F92282000333D0 /* TraderTests.swift in Sources */,
			);
			runOnlyForDeploymentPostprocessing = 0;
		};
		CC51215029F92282000333D0 /* Sources */ = {
			isa = PBXSourcesBuildPhase;
			buildActionMask = 2147483647;
			files = (
				CC51215B29F92282000333D0 /* TraderUITestsLaunchTests.swift in Sources */,
				CC51215929F92282000333D0 /* TraderUITests.swift in Sources */,
			);
			runOnlyForDeploymentPostprocessing = 0;
		};
/* End PBXSourcesBuildPhase section */

/* Begin PBXTargetDependency section */
		CC51214C29F92282000333D0 /* PBXTargetDependency */ = {
			isa = PBXTargetDependency;
			target = CC51213329F92281000333D0 /* Trader */;
			targetProxy = CC51214B29F92282000333D0 /* PBXContainerItemProxy */;
		};
		CC51215629F92282000333D0 /* PBXTargetDependency */ = {
			isa = PBXTargetDependency;
			target = CC51213329F92281000333D0 /* Trader */;
			targetProxy = CC51215529F92282000333D0 /* PBXContainerItemProxy */;
		};
/* End PBXTargetDependency section */

/* Begin PBXVariantGroup section */
		CC51214229F92282000333D0 /* LaunchScreen.storyboard */ = {
			isa = PBXVariantGroup;
			children = (
				CC51214329F92282000333D0 /* Base */,
			);
			name = LaunchScreen.storyboard;
			sourceTree = "<group>";
		};
/* End PBXVariantGroup section */

/* Begin XCBuildConfiguration section */
		CC51215C29F92282000333D0 /* Debug */ = {
			isa = XCBuildConfiguration;
			buildSettings = {
				ALWAYS_SEARCH_USER_PATHS = NO;
				CLANG_ANALYZER_NONNULL = YES;
				CLANG_ANALYZER_NUMBER_OBJECT_CONVERSION = YES_AGGRESSIVE;
				CLANG_CXX_LANGUAGE_STANDARD = "gnu++20";
				CLANG_ENABLE_MODULES = YES;
				CLANG_ENABLE_OBJC_ARC = YES;
				CLANG_ENABLE_OBJC_WEAK = YES;
				CLANG_WARN_BLOCK_CAPTURE_AUTORELEASING = YES;
				CLANG_WARN_BOOL_CONVERSION = YES;
				CLANG_WARN_COMMA = YES;
				CLANG_WARN_CONSTANT_CONVERSION = YES;
				CLANG_WARN_DEPRECATED_OBJC_IMPLEMENTATIONS = YES;
				CLANG_WARN_DIRECT_OBJC_ISA_USAGE = YES_ERROR;
				CLANG_WARN_DOCUMENTATION_COMMENTS = YES;
				CLANG_WARN_EMPTY_BODY = YES;
				CLANG_WARN_ENUM_CONVERSION = YES;
				CLANG_WARN_INFINITE_RECURSION = YES;
				CLANG_WARN_INT_CONVERSION = YES;
				CLANG_WARN_NON_LITERAL_NULL_CONVERSION = YES;
				CLANG_WARN_OBJC_IMPLICIT_RETAIN_SELF = YES;
				CLANG_WARN_OBJC_LITERAL_CONVERSION = YES;
				CLANG_WARN_OBJC_ROOT_CLASS = YES_ERROR;
				CLANG_WARN_QUOTED_INCLUDE_IN_FRAMEWORK_HEADER = YES;
				CLANG_WARN_RANGE_LOOP_ANALYSIS = YES;
				CLANG_WARN_STRICT_PROTOTYPES = YES;
				CLANG_WARN_SUSPICIOUS_MOVE = YES;
				CLANG_WARN_UNGUARDED_AVAILABILITY = YES_AGGRESSIVE;
				CLANG_WARN_UNREACHABLE_CODE = YES;
				CLANG_WARN__DUPLICATE_METHOD_MATCH = YES;
				COPY_PHASE_STRIP = NO;
				DEBUG_INFORMATION_FORMAT = dwarf;
				ENABLE_STRICT_OBJC_MSGSEND = YES;
				ENABLE_TESTABILITY = YES;
				GCC_C_LANGUAGE_STANDARD = gnu11;
				GCC_DYNAMIC_NO_PIC = NO;
				GCC_NO_COMMON_BLOCKS = YES;
				GCC_OPTIMIZATION_LEVEL = 0;
				GCC_PREPROCESSOR_DEFINITIONS = (
					"DEBUG=1",
					"$(inherited)",
				);
				GCC_WARN_64_TO_32_BIT_CONVERSION = YES;
				GCC_WARN_ABOUT_RETURN_TYPE = YES_ERROR;
				GCC_WARN_UNDECLARED_SELECTOR = YES;
				GCC_WARN_UNINITIALIZED_AUTOS = YES_AGGRESSIVE;
				GCC_WARN_UNUSED_FUNCTION = YES;
				GCC_WARN_UNUSED_VARIABLE = YES;
				IPHONEOS_DEPLOYMENT_TARGET = 16.2;
				MTL_ENABLE_DEBUG_INFO = INCLUDE_SOURCE;
				MTL_FAST_MATH = YES;
				ONLY_ACTIVE_ARCH = YES;
				SDKROOT = iphoneos;
				SWIFT_ACTIVE_COMPILATION_CONDITIONS = DEBUG;
				SWIFT_OPTIMIZATION_LEVEL = "-Onone";
			};
			name = Debug;
		};
		CC51215D29F92282000333D0 /* Release */ = {
			isa = XCBuildConfiguration;
			buildSettings = {
				ALWAYS_SEARCH_USER_PATHS = NO;
				CLANG_ANALYZER_NONNULL = YES;
				CLANG_ANALYZER_NUMBER_OBJECT_CONVERSION = YES_AGGRESSIVE;
				CLANG_CXX_LANGUAGE_STANDARD = "gnu++20";
				CLANG_ENABLE_MODULES = YES;
				CLANG_ENABLE_OBJC_ARC = YES;
				CLANG_ENABLE_OBJC_WEAK = YES;
				CLANG_WARN_BLOCK_CAPTURE_AUTORELEASING = YES;
				CLANG_WARN_BOOL_CONVERSION = YES;
				CLANG_WARN_COMMA = YES;
				CLANG_WARN_CONSTANT_CONVERSION = YES;
				CLANG_WARN_DEPRECATED_OBJC_IMPLEMENTATIONS = YES;
				CLANG_WARN_DIRECT_OBJC_ISA_USAGE = YES_ERROR;
				CLANG_WARN_DOCUMENTATION_COMMENTS = YES;
				CLANG_WARN_EMPTY_BODY = YES;
				CLANG_WARN_ENUM_CONVERSION = YES;
				CLANG_WARN_INFINITE_RECURSION = YES;
				CLANG_WARN_INT_CONVERSION = YES;
				CLANG_WARN_NON_LITERAL_NULL_CONVERSION = YES;
				CLANG_WARN_OBJC_IMPLICIT_RETAIN_SELF = YES;
				CLANG_WARN_OBJC_LITERAL_CONVERSION = YES;
				CLANG_WARN_OBJC_ROOT_CLASS = YES_ERROR;
				CLANG_WARN_QUOTED_INCLUDE_IN_FRAMEWORK_HEADER = YES;
				CLANG_WARN_RANGE_LOOP_ANALYSIS = YES;
				CLANG_WARN_STRICT_PROTOTYPES = YES;
				CLANG_WARN_SUSPICIOUS_MOVE = YES;
				CLANG_WARN_UNGUARDED_AVAILABILITY = YES_AGGRESSIVE;
				CLANG_WARN_UNREACHABLE_CODE = YES;
				CLANG_WARN__DUPLICATE_METHOD_MATCH = YES;
				COPY_PHASE_STRIP = NO;
				DEBUG_INFORMATION_FORMAT = "dwarf-with-dsym";
				ENABLE_NS_ASSERTIONS = NO;
				ENABLE_STRICT_OBJC_MSGSEND = YES;
				GCC_C_LANGUAGE_STANDARD = gnu11;
				GCC_NO_COMMON_BLOCKS = YES;
				GCC_WARN_64_TO_32_BIT_CONVERSION = YES;
				GCC_WARN_ABOUT_RETURN_TYPE = YES_ERROR;
				GCC_WARN_UNDECLARED_SELECTOR = YES;
				GCC_WARN_UNINITIALIZED_AUTOS = YES_AGGRESSIVE;
				GCC_WARN_UNUSED_FUNCTION = YES;
				GCC_WARN_UNUSED_VARIABLE = YES;
				IPHONEOS_DEPLOYMENT_TARGET = 16.2;
				MTL_ENABLE_DEBUG_INFO = NO;
				MTL_FAST_MATH = YES;
				SDKROOT = iphoneos;
				SWIFT_COMPILATION_MODE = wholemodule;
				SWIFT_OPTIMIZATION_LEVEL = "-O";
				VALIDATE_PRODUCT = YES;
			};
			name = Release;
		};
		CC51215F29F92282000333D0 /* Debug */ = {
			isa = XCBuildConfiguration;
			buildSettings = {
				ASSETCATALOG_COMPILER_APPICON_NAME = AppIcon;
				ASSETCATALOG_COMPILER_GLOBAL_ACCENT_COLOR_NAME = AccentColor;
				CODE_SIGN_STYLE = Automatic;
				CURRENT_PROJECT_VERSION = 1;
				DEVELOPMENT_TEAM = QSG974CFQP;
				GENERATE_INFOPLIST_FILE = YES;
				INFOPLIST_FILE = Trader/Info.plist;
				INFOPLIST_KEY_UIApplicationSupportsIndirectInputEvents = YES;
				INFOPLIST_KEY_UILaunchStoryboardName = LaunchScreen;
				INFOPLIST_KEY_UISupportedInterfaceOrientations_iPad = "UIInterfaceOrientationPortrait UIInterfaceOrientationPortraitUpsideDown UIInterfaceOrientationLandscapeLeft UIInterfaceOrientationLandscapeRight";
				INFOPLIST_KEY_UISupportedInterfaceOrientations_iPhone = "UIInterfaceOrientationPortrait UIInterfaceOrientationLandscapeLeft UIInterfaceOrientationLandscapeRight";
				LD_RUNPATH_SEARCH_PATHS = (
					"$(inherited)",
					"@executable_path/Frameworks",
				);
				MARKETING_VERSION = 1.0;
				PRODUCT_BUNDLE_IDENTIFIER = com.ericageraldes.Trader;
				PRODUCT_NAME = "$(TARGET_NAME)";
				SWIFT_EMIT_LOC_STRINGS = YES;
				SWIFT_VERSION = 5.0;
				TARGETED_DEVICE_FAMILY = "1,2";
			};
			name = Debug;
		};
		CC51216029F92282000333D0 /* Release */ = {
			isa = XCBuildConfiguration;
			buildSettings = {
				ASSETCATALOG_COMPILER_APPICON_NAME = AppIcon;
				ASSETCATALOG_COMPILER_GLOBAL_ACCENT_COLOR_NAME = AccentColor;
				CODE_SIGN_STYLE = Automatic;
				CURRENT_PROJECT_VERSION = 1;
				DEVELOPMENT_TEAM = QSG974CFQP;
				GENERATE_INFOPLIST_FILE = YES;
				INFOPLIST_FILE = Trader/Info.plist;
				INFOPLIST_KEY_UIApplicationSupportsIndirectInputEvents = YES;
				INFOPLIST_KEY_UILaunchStoryboardName = LaunchScreen;
				INFOPLIST_KEY_UISupportedInterfaceOrientations_iPad = "UIInterfaceOrientationPortrait UIInterfaceOrientationPortraitUpsideDown UIInterfaceOrientationLandscapeLeft UIInterfaceOrientationLandscapeRight";
				INFOPLIST_KEY_UISupportedInterfaceOrientations_iPhone = "UIInterfaceOrientationPortrait UIInterfaceOrientationLandscapeLeft UIInterfaceOrientationLandscapeRight";
				LD_RUNPATH_SEARCH_PATHS = (
					"$(inherited)",
					"@executable_path/Frameworks",
				);
				MARKETING_VERSION = 1.0;
				PRODUCT_BUNDLE_IDENTIFIER = com.ericageraldes.Trader;
				PRODUCT_NAME = "$(TARGET_NAME)";
				SWIFT_EMIT_LOC_STRINGS = YES;
				SWIFT_VERSION = 5.0;
				TARGETED_DEVICE_FAMILY = "1,2";
			};
			name = Release;
		};
		CC51216229F92282000333D0 /* Debug */ = {
			isa = XCBuildConfiguration;
			buildSettings = {
				ALWAYS_EMBED_SWIFT_STANDARD_LIBRARIES = YES;
				BUNDLE_LOADER = "$(TEST_HOST)";
				CODE_SIGN_STYLE = Automatic;
				CURRENT_PROJECT_VERSION = 1;
				DEVELOPMENT_TEAM = QSG974CFQP;
				GENERATE_INFOPLIST_FILE = YES;
				IPHONEOS_DEPLOYMENT_TARGET = 16.2;
				MARKETING_VERSION = 1.0;
				PRODUCT_BUNDLE_IDENTIFIER = com.ericageraldes.TraderTests;
				PRODUCT_NAME = "$(TARGET_NAME)";
				SWIFT_EMIT_LOC_STRINGS = NO;
				SWIFT_VERSION = 5.0;
				TARGETED_DEVICE_FAMILY = "1,2";
				TEST_HOST = "$(BUILT_PRODUCTS_DIR)/Trader.app/$(BUNDLE_EXECUTABLE_FOLDER_PATH)/Trader";
			};
			name = Debug;
		};
		CC51216329F92282000333D0 /* Release */ = {
			isa = XCBuildConfiguration;
			buildSettings = {
				ALWAYS_EMBED_SWIFT_STANDARD_LIBRARIES = YES;
				BUNDLE_LOADER = "$(TEST_HOST)";
				CODE_SIGN_STYLE = Automatic;
				CURRENT_PROJECT_VERSION = 1;
				DEVELOPMENT_TEAM = QSG974CFQP;
				GENERATE_INFOPLIST_FILE = YES;
				IPHONEOS_DEPLOYMENT_TARGET = 16.2;
				MARKETING_VERSION = 1.0;
				PRODUCT_BUNDLE_IDENTIFIER = com.ericageraldes.TraderTests;
				PRODUCT_NAME = "$(TARGET_NAME)";
				SWIFT_EMIT_LOC_STRINGS = NO;
				SWIFT_VERSION = 5.0;
				TARGETED_DEVICE_FAMILY = "1,2";
				TEST_HOST = "$(BUILT_PRODUCTS_DIR)/Trader.app/$(BUNDLE_EXECUTABLE_FOLDER_PATH)/Trader";
			};
			name = Release;
		};
		CC51216529F92282000333D0 /* Debug */ = {
			isa = XCBuildConfiguration;
			buildSettings = {
				ALWAYS_EMBED_SWIFT_STANDARD_LIBRARIES = YES;
				CODE_SIGN_STYLE = Automatic;
				CURRENT_PROJECT_VERSION = 1;
				DEVELOPMENT_TEAM = QSG974CFQP;
				GENERATE_INFOPLIST_FILE = YES;
				MARKETING_VERSION = 1.0;
				PRODUCT_BUNDLE_IDENTIFIER = com.ericageraldes.TraderUITests;
				PRODUCT_NAME = "$(TARGET_NAME)";
				SWIFT_EMIT_LOC_STRINGS = NO;
				SWIFT_VERSION = 5.0;
				TARGETED_DEVICE_FAMILY = "1,2";
				TEST_TARGET_NAME = Trader;
			};
			name = Debug;
		};
		CC51216629F92282000333D0 /* Release */ = {
			isa = XCBuildConfiguration;
			buildSettings = {
				ALWAYS_EMBED_SWIFT_STANDARD_LIBRARIES = YES;
				CODE_SIGN_STYLE = Automatic;
				CURRENT_PROJECT_VERSION = 1;
				DEVELOPMENT_TEAM = QSG974CFQP;
				GENERATE_INFOPLIST_FILE = YES;
				MARKETING_VERSION = 1.0;
				PRODUCT_BUNDLE_IDENTIFIER = com.ericageraldes.TraderUITests;
				PRODUCT_NAME = "$(TARGET_NAME)";
				SWIFT_EMIT_LOC_STRINGS = NO;
				SWIFT_VERSION = 5.0;
				TARGETED_DEVICE_FAMILY = "1,2";
				TEST_TARGET_NAME = Trader;
			};
			name = Release;
		};
/* End XCBuildConfiguration section */

/* Begin XCConfigurationList section */
		CC51212F29F92281000333D0 /* Build configuration list for PBXProject "Trader" */ = {
			isa = XCConfigurationList;
			buildConfigurations = (
				CC51215C29F92282000333D0 /* Debug */,
				CC51215D29F92282000333D0 /* Release */,
			);
			defaultConfigurationIsVisible = 0;
			defaultConfigurationName = Release;
		};
		CC51215E29F92282000333D0 /* Build configuration list for PBXNativeTarget "Trader" */ = {
			isa = XCConfigurationList;
			buildConfigurations = (
				CC51215F29F92282000333D0 /* Debug */,
				CC51216029F92282000333D0 /* Release */,
			);
			defaultConfigurationIsVisible = 0;
			defaultConfigurationName = Release;
		};
		CC51216129F92282000333D0 /* Build configuration list for PBXNativeTarget "TraderTests" */ = {
			isa = XCConfigurationList;
			buildConfigurations = (
				CC51216229F92282000333D0 /* Debug */,
				CC51216329F92282000333D0 /* Release */,
			);
			defaultConfigurationIsVisible = 0;
			defaultConfigurationName = Release;
		};
		CC51216429F92282000333D0 /* Build configuration list for PBXNativeTarget "TraderUITests" */ = {
			isa = XCConfigurationList;
			buildConfigurations = (
				CC51216529F92282000333D0 /* Debug */,
				CC51216629F92282000333D0 /* Release */,
			);
			defaultConfigurationIsVisible = 0;
			defaultConfigurationName = Release;
		};
/* End XCConfigurationList section */
	};
	rootObject = CC51212C29F92281000333D0 /* Project object */;
}
